
Microsoft Visual Studio Solution File, Format Version 12.00
# Visual Studio 2012
Project("{FAE04EC0-301F-11D3-BF4B-00C04F79EFBC}") = "Challenge6", "Challenge6.csproj", "{5331BD1F-1376-45E9-BFA1-244CF53A4E2B}"
EndProject
Global
	GlobalSection(SolutionConfigurationPlatforms) = preSolution
		Debug|Any CPU = Debug|Any CPU
		Release|Any CPU = Release|Any CPU
	EndGlobalSection
	GlobalSection(ProjectConfigurationPlatforms) = postSolution
		{5331BD1F-1376-45E9-BFA1-244CF53A4E2B}.Debug|Any CPU.ActiveCfg = Debug|Any CPU
		{5331BD1F-1376-45E9-BFA1-244CF53A4E2B}.Debug|Any CPU.Build.0 = Debug|Any CPU
		{5331BD1F-1376-45E9-BFA1-244CF53A4E2B}.Release|Any CPU.ActiveCfg = Release|Any CPU
		{5331BD1F-1376-45E9-BFA1-244CF53A4E2B}.Release|Any CPU.Build.0 = Release|Any CPU
	EndGlobalSection
	GlobalSection(SolutionProperties) = preSolution
		HideSolutionNode = FALSE
	EndGlobalSection
EndGlobal
